
Microsoft Visual Studio Solution File, Format Version 12.00
# Visual Studio Version 16
VisualStudioVersion = 16.0.31205.134
MinimumVisualStudioVersion = 10.0.40219.1
Project("{FAE04EC0-301F-11D3-BF4B-00C04F79EFBC}") = "ADO.NET.LINQ", "ADO.NET.LINQ.csproj", "{6FD72F64-2792-4C29-85AD-60016961D56D}"
EndProject
Global
	GlobalSection(SolutionConfigurationPlatforms) = preSolution
		Debug|Any CPU = Debug|Any CPU
		Release|Any CPU = Release|Any CPU
	EndGlobalSection
	GlobalSection(ProjectConfigurationPlatforms) = postSolution
		{6FD72F64-2792-4C29-85AD-60016961D56D}.Debug|Any CPU.ActiveCfg = Debug|Any CPU
		{6FD72F64-2792-4C29-85AD-60016961D56D}.Debug|Any CPU.Build.0 = Debug|Any CPU
		{6FD72F64-2792-4C29-85AD-60016961D56D}.Release|Any CPU.ActiveCfg = Release|Any CPU
		{6FD72F64-2792-4C29-85AD-60016961D56D}.Release|Any CPU.Build.0 = Release|Any CPU
	EndGlobalSection
	GlobalSection(SolutionProperties) = preSolution
		HideSolutionNode = FALSE
	EndGlobalSection
	GlobalSection(ExtensibilityGlobals) = postSolution
		SolutionGuid = {516F6810-722A-4CFD-B927-198DAB7B9A4C}
	EndGlobalSection
EndGlobal
